{
  "requires": true,
  "lockfileVersion": 1,
  "dependencies": {
    "@types/three": {
      "version": "0.127.1",
      "resolved": "https://registry.npmjs.org/@types/three/-/three-0.127.1.tgz",
      "integrity": "sha512-e90iYq3zde3axANg7BPZY0fKrez1AzveamIIFk23PMh9WtCx91geokDy+yEAIymdIldgUpvezAP6+zCV3oekXw=="
    },
    "cannon-es": {
      "version": "0.18.0",
      "resolved": "https://registry.npmjs.org/cannon-es/-/cannon-es-0.18.0.tgz",
      "integrity": "sha512-GiQ1bd0etZsMVSnUhNc+p+FEh0R/cULpp8uRSAhEK4Kax+y/31Au03m6h1h1xdDivAMnFg8YDwevHgzLynOHlw==",
      "dev": true
    },
    "three": {
      "version": "0.135.0",
      "resolved": "https://registry.npmjs.org/three/-/three-0.135.0.tgz",
      "integrity": "sha512-kuEpuuxRzLv0MDsXai9huCxOSQPZ4vje6y0gn80SRmQvgz6/+rI0NAvCRAw56zYaWKMGMfqKWsxF9Qa2Z9xymQ=="
    },
    "three-to-cannon": {
      "version": "4.0.2",
      "resolved": "https://registry.npmjs.org/three-to-cannon/-/three-to-cannon-4.0.2.tgz",
      "integrity": "sha512-JhhR3+cljNrdwkzgRrENLVFvusojq5YWUmvsngKeLp9tOI8k7+GCjFyE/M2mRpyBz+dtzDxCXBfCs+blEi9uBg==",
      "requires": {
        "@types/three": "^0.127.1"
      }
    }
  }
}
